
Microsoft Visual Studio Solution File, Format Version 12.00
# Visual Studio Version 16
VisualStudioVersion = 16.0.33529.622
MinimumVisualStudioVersion = 10.0.40219.1
Project("{FAE04EC0-301F-11D3-BF4B-00C04F79EFBC}") = "AppDemo", "AppDemo\AppDemo.csproj", "{35476D71-626D-4002-ACE6-72EBA58C339C}"
EndProject
Global
	GlobalSection(SolutionConfigurationPlatforms) = preSolution
		Debug|Any CPU = Debug|Any CPU
		Release|Any CPU = Release|Any CPU
	EndGlobalSection
	GlobalSection(ProjectConfigurationPlatforms) = postSolution
		{35476D71-626D-4002-ACE6-72EBA58C339C}.Debug|Any CPU.ActiveCfg = Debug|Any CPU
		{35476D71-626D-4002-ACE6-72EBA58C339C}.Debug|Any CPU.Build.0 = Debug|Any CPU
		{35476D71-626D-4002-ACE6-72EBA58C339C}.Release|Any CPU.ActiveCfg = Release|Any CPU
		{35476D71-626D-4002-ACE6-72EBA58C339C}.Release|Any CPU.Build.0 = Release|Any CPU
	EndGlobalSection
	GlobalSection(SolutionProperties) = preSolution
		HideSolutionNode = FALSE
	EndGlobalSection
	GlobalSection(ExtensibilityGlobals) = postSolution
		SolutionGuid = {031F010D-4A05-4179-8E27-31EBC8770B9A}
	EndGlobalSection
EndGlobal
